
Microsoft Visual Studio Solution File, Format Version 12.00
# Visual Studio Version 17
VisualStudioVersion = 17.4.33110.190
MinimumVisualStudioVersion = 10.0.40219.1
Project("{9A19103F-16F7-4668-BE54-9A1E7A4F7556}") = "FreeStyler.Client", "FreeStyler.Client\FreeStyler.Client.csproj", "{9C6B8664-7919-4AB1-A2FA-927F67C7E343}"
EndProject
Project("{9A19103F-16F7-4668-BE54-9A1E7A4F7556}") = "FreeStyler.Tests", "FreeStyler.Tests\FreeStyler.Tests.csproj", "{3BEE391C-273C-4323-9CCE-54AF4400EAB1}"
EndProject
Project("{2150E333-8FDC-42A3-9474-1A3956D46DE8}") = "Solution Items", "Solution Items", "{E53A6162-B657-435C-9587-9E4D0F4D8DCF}"
	ProjectSection(SolutionItems) = preProject
		freestyler_icon.ico = freestyler_icon.ico
		freestyler_logo.png = freestyler_logo.png
		README.md = README.md
		Sendmessage and TCPIP.pdf = Sendmessage and TCPIP.pdf
	EndProjectSection
EndProject
Global
	GlobalSection(SolutionConfigurationPlatforms) = preSolution
		Debug|Any CPU = Debug|Any CPU
		Release|Any CPU = Release|Any CPU
	EndGlobalSection
	GlobalSection(ProjectConfigurationPlatforms) = postSolution
		{9C6B8664-7919-4AB1-A2FA-927F67C7E343}.Debug|Any CPU.ActiveCfg = Debug|Any CPU
		{9C6B8664-7919-4AB1-A2FA-927F67C7E343}.Debug|Any CPU.Build.0 = Debug|Any CPU
		{9C6B8664-7919-4AB1-A2FA-927F67C7E343}.Release|Any CPU.ActiveCfg = Release|Any CPU
		{9C6B8664-7919-4AB1-A2FA-927F67C7E343}.Release|Any CPU.Build.0 = Release|Any CPU
		{3BEE391C-273C-4323-9CCE-54AF4400EAB1}.Debug|Any CPU.ActiveCfg = Debug|Any CPU
		{3BEE391C-273C-4323-9CCE-54AF4400EAB1}.Debug|Any CPU.Build.0 = Debug|Any CPU
		{3BEE391C-273C-4323-9CCE-54AF4400EAB1}.Release|Any CPU.ActiveCfg = Release|Any CPU
		{3BEE391C-273C-4323-9CCE-54AF4400EAB1}.Release|Any CPU.Build.0 = Release|Any CPU
	EndGlobalSection
	GlobalSection(SolutionProperties) = preSolution
		HideSolutionNode = FALSE
	EndGlobalSection
	GlobalSection(ExtensibilityGlobals) = postSolution
		SolutionGuid = {BA06F055-53E3-4014-8558-0A8EEC59024C}
	EndGlobalSection
EndGlobal
